
Microsoft Visual Studio Solution File, Format Version 12.00
# Visual Studio Version 16
VisualStudioVersion = 16.0.29926.136
MinimumVisualStudioVersion = 10.0.40219.1
Project("{FAE04EC0-301F-11D3-BF4B-00C04F79EFBC}") = "BloodBank", "BloodBank\BloodBank.csproj", "{69A6407F-A1AA-40B6-A39F-BE408A32C536}"
EndProject
Global
	GlobalSection(SolutionConfigurationPlatforms) = preSolution
		Debug|Any CPU = Debug|Any CPU
		Release|Any CPU = Release|Any CPU
	EndGlobalSection
	GlobalSection(ProjectConfigurationPlatforms) = postSolution
		{69A6407F-A1AA-40B6-A39F-BE408A32C536}.Debug|Any CPU.ActiveCfg = Debug|Any CPU
		{69A6407F-A1AA-40B6-A39F-BE408A32C536}.Debug|Any CPU.Build.0 = Debug|Any CPU
		{69A6407F-A1AA-40B6-A39F-BE408A32C536}.Release|Any CPU.ActiveCfg = Release|Any CPU
		{69A6407F-A1AA-40B6-A39F-BE408A32C536}.Release|Any CPU.Build.0 = Release|Any CPU
	EndGlobalSection
	GlobalSection(SolutionProperties) = preSolution
		HideSolutionNode = FALSE
	EndGlobalSection
	GlobalSection(ExtensibilityGlobals) = postSolution
		SolutionGuid = {196B6B4D-16FD-46BA-9DCD-A52B49D41243}
	EndGlobalSection
EndGlobal
